
Microsoft Visual Studio Solution File, Format Version 12.00
# Visual Studio Version 17
VisualStudioVersion = 17.6.33815.320
MinimumVisualStudioVersion = 10.0.40219.1
Project("{FAE04EC0-301F-11D3-BF4B-00C04F79EFBC}") = "LibraryCMCM", "LibraryCMCM\LibraryCMCM.csproj", "{EC71AB83-5D58-4F30-8276-9303F7B0B815}"
EndProject
Global
	GlobalSection(SolutionConfigurationPlatforms) = preSolution
		Debug|Any CPU = Debug|Any CPU
		Release|Any CPU = Release|Any CPU
	EndGlobalSection
	GlobalSection(ProjectConfigurationPlatforms) = postSolution
		{EC71AB83-5D58-4F30-8276-9303F7B0B815}.Debug|Any CPU.ActiveCfg = Debug|Any CPU
		{EC71AB83-5D58-4F30-8276-9303F7B0B815}.Debug|Any CPU.Build.0 = Debug|Any CPU
		{EC71AB83-5D58-4F30-8276-9303F7B0B815}.Release|Any CPU.ActiveCfg = Release|Any CPU
		{EC71AB83-5D58-4F30-8276-9303F7B0B815}.Release|Any CPU.Build.0 = Release|Any CPU
	EndGlobalSection
	GlobalSection(SolutionProperties) = preSolution
		HideSolutionNode = FALSE
	EndGlobalSection
	GlobalSection(ExtensibilityGlobals) = postSolution
		SolutionGuid = {03EF558E-036E-40DF-9BA9-2AA16DA7B408}
	EndGlobalSection
EndGlobal
